
Microsoft Visual Studio Solution File, Format Version 12.00
# Visual Studio 15
VisualStudioVersion = 15.0.27428.2037
MinimumVisualStudioVersion = 10.0.40219.1
Project("{9A19103F-16F7-4668-BE54-9A1E7A4F7556}") = "GucciGramService", "GucciGramService\GucciGramService.csproj", "{4C0B6A5B-A803-4C7F-89E5-6A3E61DB56A0}"
EndProject
Project("{FAE04EC0-301F-11D3-BF4B-00C04F79EFBC}") = "GucciGramService.Tests", "GucciGramService.Tests\GucciGramService.Tests.csproj", "{91EAFF88-64B9-4DC0-AE4E-24DB8E34DE25}"
EndProject
Global
	GlobalSection(SolutionConfigurationPlatforms) = preSolution
		Debug|Any CPU = Debug|Any CPU
		Release|Any CPU = Release|Any CPU
	EndGlobalSection
	GlobalSection(ProjectConfigurationPlatforms) = postSolution
		{4C0B6A5B-A803-4C7F-89E5-6A3E61DB56A0}.Debug|Any CPU.ActiveCfg = Debug|Any CPU
		{4C0B6A5B-A803-4C7F-89E5-6A3E61DB56A0}.Debug|Any CPU.Build.0 = Debug|Any CPU
		{4C0B6A5B-A803-4C7F-89E5-6A3E61DB56A0}.Release|Any CPU.ActiveCfg = Release|Any CPU
		{4C0B6A5B-A803-4C7F-89E5-6A3E61DB56A0}.Release|Any CPU.Build.0 = Release|Any CPU
		{91EAFF88-64B9-4DC0-AE4E-24DB8E34DE25}.Debug|Any CPU.ActiveCfg = Debug|Any CPU
		{91EAFF88-64B9-4DC0-AE4E-24DB8E34DE25}.Debug|Any CPU.Build.0 = Debug|Any CPU
		{91EAFF88-64B9-4DC0-AE4E-24DB8E34DE25}.Release|Any CPU.ActiveCfg = Release|Any CPU
		{91EAFF88-64B9-4DC0-AE4E-24DB8E34DE25}.Release|Any CPU.Build.0 = Release|Any CPU
	EndGlobalSection
	GlobalSection(SolutionProperties) = preSolution
		HideSolutionNode = FALSE
	EndGlobalSection
	GlobalSection(ExtensibilityGlobals) = postSolution
		SolutionGuid = {9CF1B8F9-FCA6-4DF4-8DDF-A7FBB8C7A2AB}
	EndGlobalSection
EndGlobal
